
Microsoft Visual Studio Solution File, Format Version 12.00
# Visual Studio 15
VisualStudioVersion = 15.0.28307.489
MinimumVisualStudioVersion = 10.0.40219.1
Project("{FAE04EC0-301F-11D3-BF4B-00C04F79EFBC}") = "Lesson1", "Lesson1\Lesson1.csproj", "{928165E4-4014-44FE-9E0C-E7C4DF92CF18}"
EndProject
Project("{FAE04EC0-301F-11D3-BF4B-00C04F79EFBC}") = "Lesson2", "Lesson2\Lesson2.csproj", "{FDCFEE4D-3C01-40AF-AF8D-1BF8142FB0C5}"
EndProject
Project("{FAE04EC0-301F-11D3-BF4B-00C04F79EFBC}") = "Lesson3", "Lesson3\Lesson3.csproj", "{FD7724A2-0DA6-47FA-B0EB-386E0C578703}"
EndProject
Project("{FAE04EC0-301F-11D3-BF4B-00C04F79EFBC}") = "Lesson4", "Lesson4\Lesson4.csproj", "{0C94061E-9D6D-4A25-9CF9-B0339B22BFE3}"
EndProject
Global
	GlobalSection(SolutionConfigurationPlatforms) = preSolution
		Debug|Any CPU = Debug|Any CPU
		Release|Any CPU = Release|Any CPU
	EndGlobalSection
	GlobalSection(ProjectConfigurationPlatforms) = postSolution
		{928165E4-4014-44FE-9E0C-E7C4DF92CF18}.Debug|Any CPU.ActiveCfg = Debug|Any CPU
		{928165E4-4014-44FE-9E0C-E7C4DF92CF18}.Debug|Any CPU.Build.0 = Debug|Any CPU
		{928165E4-4014-44FE-9E0C-E7C4DF92CF18}.Release|Any CPU.ActiveCfg = Release|Any CPU
		{928165E4-4014-44FE-9E0C-E7C4DF92CF18}.Release|Any CPU.Build.0 = Release|Any CPU
		{FDCFEE4D-3C01-40AF-AF8D-1BF8142FB0C5}.Debug|Any CPU.ActiveCfg = Debug|Any CPU
		{FDCFEE4D-3C01-40AF-AF8D-1BF8142FB0C5}.Debug|Any CPU.Build.0 = Debug|Any CPU
		{FDCFEE4D-3C01-40AF-AF8D-1BF8142FB0C5}.Release|Any CPU.ActiveCfg = Release|Any CPU
		{FDCFEE4D-3C01-40AF-AF8D-1BF8142FB0C5}.Release|Any CPU.Build.0 = Release|Any CPU
		{FD7724A2-0DA6-47FA-B0EB-386E0C578703}.Debug|Any CPU.ActiveCfg = Debug|Any CPU
		{FD7724A2-0DA6-47FA-B0EB-386E0C578703}.Debug|Any CPU.Build.0 = Debug|Any CPU
		{FD7724A2-0DA6-47FA-B0EB-386E0C578703}.Release|Any CPU.ActiveCfg = Release|Any CPU
		{FD7724A2-0DA6-47FA-B0EB-386E0C578703}.Release|Any CPU.Build.0 = Release|Any CPU
		{0C94061E-9D6D-4A25-9CF9-B0339B22BFE3}.Debug|Any CPU.ActiveCfg = Debug|Any CPU
		{0C94061E-9D6D-4A25-9CF9-B0339B22BFE3}.Debug|Any CPU.Build.0 = Debug|Any CPU
		{0C94061E-9D6D-4A25-9CF9-B0339B22BFE3}.Release|Any CPU.ActiveCfg = Release|Any CPU
		{0C94061E-9D6D-4A25-9CF9-B0339B22BFE3}.Release|Any CPU.Build.0 = Release|Any CPU
	EndGlobalSection
	GlobalSection(SolutionProperties) = preSolution
		HideSolutionNode = FALSE
	EndGlobalSection
	GlobalSection(ExtensibilityGlobals) = postSolution
		SolutionGuid = {8EFC10B5-0BB9-4D56-8355-D1CDC6984169}
	EndGlobalSection
EndGlobal
