
Microsoft Visual Studio Solution File, Format Version 12.00
# Visual Studio 15
VisualStudioVersion = 15.0.28307.489
MinimumVisualStudioVersion = 10.0.40219.1
Project("{FAE04EC0-301F-11D3-BF4B-00C04F79EFBC}") = "Lesson1", "Lesson1\Lesson1.csproj", "{928165E4-4014-44FE-9E0C-E7C4DF92CF18}"
EndProject
Project("{FAE04EC0-301F-11D3-BF4B-00C04F79EFBC}") = "Lesson2", "Lesson2\Lesson2.csproj", "{FDCFEE4D-3C01-40AF-AF8D-1BF8142FB0C5}"
EndProject
Project("{FAE04EC0-301F-11D3-BF4B-00C04F79EFBC}") = "Lesson3", "Lesson3\Lesson3.csproj", "{FD7724A2-0DA6-47FA-B0EB-386E0C578703}"
EndProject
Project("{FAE04EC0-301F-11D3-BF4B-00C04F79EFBC}") = "Lesson4", "Lesson4\Lesson4.csproj", "{0C94061E-9D6D-4A25-9CF9-B0339B22BFE3}"
EndProject
Project("{FAE04EC0-301F-11D3-BF4B-00C04F79EFBC}") = "Lesson5", "Lesson5\Lesson5.csproj", "{DBBC76B5-35AC-43D4-891D-BC26CF1070E1}"
EndProject
Project("{FAE04EC0-301F-11D3-BF4B-00C04F79EFBC}") = "Lesson6", "Lesson6\Lesson6.csproj", "{D735F076-95CC-416E-9EB1-E67D7009ED63}"
EndProject
Project("{FAE04EC0-301F-11D3-BF4B-00C04F79EFBC}") = "Lesson7", "Lesson7\Lesson7.csproj", "{F64DF862-A7A9-4E0E-987B-F225CACB8967}"
EndProject
Project("{FAE04EC0-301F-11D3-BF4B-00C04F79EFBC}") = "Lesson8", "Lesson8\Lesson8.csproj", "{6E376D37-D58A-4326-B3D2-14007E8FCA47}"
EndProject
Project("{FAE04EC0-301F-11D3-BF4B-00C04F79EFBC}") = "Lesson9", "Lesson9\Lesson9.csproj", "{F391AD91-F261-4AB2-AE32-2575C9B37C9B}"
EndProject
Project("{FAE04EC0-301F-11D3-BF4B-00C04F79EFBC}") = "Lesson10", "Lesson10\Lesson10.csproj", "{2D21E6A8-8C78-43F6-B827-C1913CC13D90}"
EndProject
Project("{FAE04EC0-301F-11D3-BF4B-00C04F79EFBC}") = "Lesson11", "Lesson11\Lesson11.csproj", "{A0BE3F76-AE23-4E15-B40A-E20F17D33A6D}"
EndProject
Global
	GlobalSection(SolutionConfigurationPlatforms) = preSolution
		Debug|Any CPU = Debug|Any CPU
		Release|Any CPU = Release|Any CPU
	EndGlobalSection
	GlobalSection(ProjectConfigurationPlatforms) = postSolution
		{928165E4-4014-44FE-9E0C-E7C4DF92CF18}.Debug|Any CPU.ActiveCfg = Debug|Any CPU
		{928165E4-4014-44FE-9E0C-E7C4DF92CF18}.Debug|Any CPU.Build.0 = Debug|Any CPU
		{928165E4-4014-44FE-9E0C-E7C4DF92CF18}.Release|Any CPU.ActiveCfg = Release|Any CPU
		{928165E4-4014-44FE-9E0C-E7C4DF92CF18}.Release|Any CPU.Build.0 = Release|Any CPU
		{FDCFEE4D-3C01-40AF-AF8D-1BF8142FB0C5}.Debug|Any CPU.ActiveCfg = Debug|Any CPU
		{FDCFEE4D-3C01-40AF-AF8D-1BF8142FB0C5}.Debug|Any CPU.Build.0 = Debug|Any CPU
		{FDCFEE4D-3C01-40AF-AF8D-1BF8142FB0C5}.Release|Any CPU.ActiveCfg = Release|Any CPU
		{FDCFEE4D-3C01-40AF-AF8D-1BF8142FB0C5}.Release|Any CPU.Build.0 = Release|Any CPU
		{FD7724A2-0DA6-47FA-B0EB-386E0C578703}.Debug|Any CPU.ActiveCfg = Debug|Any CPU
		{FD7724A2-0DA6-47FA-B0EB-386E0C578703}.Debug|Any CPU.Build.0 = Debug|Any CPU
		{FD7724A2-0DA6-47FA-B0EB-386E0C578703}.Release|Any CPU.ActiveCfg = Release|Any CPU
		{FD7724A2-0DA6-47FA-B0EB-386E0C578703}.Release|Any CPU.Build.0 = Release|Any CPU
		{0C94061E-9D6D-4A25-9CF9-B0339B22BFE3}.Debug|Any CPU.ActiveCfg = Debug|Any CPU
		{0C94061E-9D6D-4A25-9CF9-B0339B22BFE3}.Debug|Any CPU.Build.0 = Debug|Any CPU
		{0C94061E-9D6D-4A25-9CF9-B0339B22BFE3}.Release|Any CPU.ActiveCfg = Release|Any CPU
		{0C94061E-9D6D-4A25-9CF9-B0339B22BFE3}.Release|Any CPU.Build.0 = Release|Any CPU
		{DBBC76B5-35AC-43D4-891D-BC26CF1070E1}.Debug|Any CPU.ActiveCfg = Debug|Any CPU
		{DBBC76B5-35AC-43D4-891D-BC26CF1070E1}.Debug|Any CPU.Build.0 = Debug|Any CPU
		{DBBC76B5-35AC-43D4-891D-BC26CF1070E1}.Release|Any CPU.ActiveCfg = Release|Any CPU
		{DBBC76B5-35AC-43D4-891D-BC26CF1070E1}.Release|Any CPU.Build.0 = Release|Any CPU
		{D735F076-95CC-416E-9EB1-E67D7009ED63}.Debug|Any CPU.ActiveCfg = Debug|Any CPU
		{D735F076-95CC-416E-9EB1-E67D7009ED63}.Debug|Any CPU.Build.0 = Debug|Any CPU
		{D735F076-95CC-416E-9EB1-E67D7009ED63}.Release|Any CPU.ActiveCfg = Release|Any CPU
		{D735F076-95CC-416E-9EB1-E67D7009ED63}.Release|Any CPU.Build.0 = Release|Any CPU
		{F64DF862-A7A9-4E0E-987B-F225CACB8967}.Debug|Any CPU.ActiveCfg = Debug|Any CPU
		{F64DF862-A7A9-4E0E-987B-F225CACB8967}.Debug|Any CPU.Build.0 = Debug|Any CPU
		{F64DF862-A7A9-4E0E-987B-F225CACB8967}.Release|Any CPU.ActiveCfg = Release|Any CPU
		{F64DF862-A7A9-4E0E-987B-F225CACB8967}.Release|Any CPU.Build.0 = Release|Any CPU
		{6E376D37-D58A-4326-B3D2-14007E8FCA47}.Debug|Any CPU.ActiveCfg = Debug|Any CPU
		{6E376D37-D58A-4326-B3D2-14007E8FCA47}.Debug|Any CPU.Build.0 = Debug|Any CPU
		{6E376D37-D58A-4326-B3D2-14007E8FCA47}.Release|Any CPU.ActiveCfg = Release|Any CPU
		{6E376D37-D58A-4326-B3D2-14007E8FCA47}.Release|Any CPU.Build.0 = Release|Any CPU
		{F391AD91-F261-4AB2-AE32-2575C9B37C9B}.Debug|Any CPU.ActiveCfg = Debug|Any CPU
		{F391AD91-F261-4AB2-AE32-2575C9B37C9B}.Debug|Any CPU.Build.0 = Debug|Any CPU
		{F391AD91-F261-4AB2-AE32-2575C9B37C9B}.Release|Any CPU.ActiveCfg = Release|Any CPU
		{F391AD91-F261-4AB2-AE32-2575C9B37C9B}.Release|Any CPU.Build.0 = Release|Any CPU
		{2D21E6A8-8C78-43F6-B827-C1913CC13D90}.Debug|Any CPU.ActiveCfg = Debug|Any CPU
		{2D21E6A8-8C78-43F6-B827-C1913CC13D90}.Debug|Any CPU.Build.0 = Debug|Any CPU
		{2D21E6A8-8C78-43F6-B827-C1913CC13D90}.Release|Any CPU.ActiveCfg = Release|Any CPU
		{2D21E6A8-8C78-43F6-B827-C1913CC13D90}.Release|Any CPU.Build.0 = Release|Any CPU
		{A0BE3F76-AE23-4E15-B40A-E20F17D33A6D}.Debug|Any CPU.ActiveCfg = Debug|Any CPU
		{A0BE3F76-AE23-4E15-B40A-E20F17D33A6D}.Debug|Any CPU.Build.0 = Debug|Any CPU
		{A0BE3F76-AE23-4E15-B40A-E20F17D33A6D}.Release|Any CPU.ActiveCfg = Release|Any CPU
		{A0BE3F76-AE23-4E15-B40A-E20F17D33A6D}.Release|Any CPU.Build.0 = Release|Any CPU
	EndGlobalSection
	GlobalSection(SolutionProperties) = preSolution
		HideSolutionNode = FALSE
	EndGlobalSection
	GlobalSection(ExtensibilityGlobals) = postSolution
		SolutionGuid = {8EFC10B5-0BB9-4D56-8355-D1CDC6984169}
	EndGlobalSection
EndGlobal
